version = 1
requires-python = ">=3.12"

[[package]]
name = "click"
version = "8.1.7"
source = { registry = "https://pypi.org/simple" }
dependencies = [
    { name = "colorama", marker = "platform_system == 'Windows'" },
]
sdist = { url = "https://files.pythonhosted.org/packages/96/d3/f04c7bfcf5c1862a2a5b845c6b2b360488cf47af55dfa79c98f6a6bf98b5/click-8.1.7.tar.gz", hash = "sha256:ca9853ad459e787e2192211578cc907e7594e294c7ccc834310722b41b9ca6de", size = 336121 }
wheels = [
    { url = "https://files.pythonhosted.org/packages/00/2e/d53fa4befbf2cfa713304affc7ca780ce4fc1fd8710527771b58311a3229/click-8.1.7-py3-none-any.whl", hash = "sha256:ae74fb96c20a0277a1d615f1e4d73c8414f5a98db8b799a7931d1582f3390c28", size = 97941 },
]

[[package]]
name = "colorama"
version = "0.4.6"
source = { registry = "https://pypi.org/simple" }
sdist = { url = "https://files.pythonhosted.org/packages/d8/53/6f443c9a4a8358a93a6792e2acffb9d9d5cb0a5cfd8802644b7b1c9a02e4/colorama-0.4.6.tar.gz", hash = "sha256:08695f5cb7ed6e0531a20572697297273c47b8cae5a63ffc6d6ed5c201be6e44", size = 27697 }
wheels = [
    { url = "https://files.pythonhosted.org/packages/d1/d6/3965ed04c63042e047cb6a3e6ed1a63a35087b6a609aa3a15ed8ac56c221/colorama-0.4.6-py2.py3-none-any.whl", hash = "sha256:4f1d9991f5acc0ca119f9d443620b77f9d6b33703e51011c16baf57afb285fc6", size = 25335 },
]

[[package]]
name = "granian"
version = "1.6.4"
source = { registry = "https://pypi.org/simple" }
dependencies = [
    { name = "click" },
    { name = "uvloop", marker = "platform_python_implementation == 'CPython' and sys_platform != 'win32'" },
]
sdist = { url = "https://files.pythonhosted.org/packages/c9/b6/f6c4506edf63d1e2ed09c616568c3987a94847fb3c45d0d76a659c355b21/granian-1.6.4.tar.gz", hash = "sha256:cda197977b2fd26661f76e061d15cc6808c99f3186e89646ed3df059d0408155", size = 79901 }
wheels = [
    { url = "https://files.pythonhosted.org/packages/3c/b7/b665946740e3f85ace7f7ca670af9bf0d967262f397b41140ef957306795/granian-1.6.4-cp312-cp312-macosx_10_12_x86_64.whl", hash = "sha256:bb0db3c59f24a0d2d7587ece9f420d522ad659b2e245f3b657cc7df7d3a15172", size = 2560613 },
    { url = "https://files.pythonhosted.org/packages/f7/d4/57864785b400ae4e347a42cbe1584ffec272cd97fca01a38e8db1bb3ba83/granian-1.6.4-cp312-cp312-macosx_11_0_arm64.whl", hash = "sha256:2abc284bfc5282c02c6b02e3348d9708aea83aef76d9bf9cf3f0d663e72d2b7a", size = 2395288 },
    { url = "https://files.pythonhosted.org/packages/c2/47/dca0ab7399c4ba2f1fb4e50e53ced02a561268553f5ea7dda4c3e2219bbf/granian-1.6.4-cp312-cp312-manylinux_2_17_aarch64.manylinux2014_aarch64.whl", hash = "sha256:ebe3bc1a2f7798aebf71ad944bc7ba504fceac9f58d2416fa5d1b3b0fc781d9e", size = 2981610 },
    { url = "https://files.pythonhosted.org/packages/93/19/ef223111ccf70430c8ba60ba05d1b1cccc976f5a0dd89453dcdd42935089/granian-1.6.4-cp312-cp312-manylinux_2_17_x86_64.manylinux2014_x86_64.whl", hash = "sha256:76ad914f16f3f884bbc3059e86149baba168905877898d19f11a1cdfb1b3b2d9", size = 3418885 },
    { url = "https://files.pythonhosted.org/packages/34/6a/26347a790792b2eb07207844c74b587fc9bc930300d0c75c616d7de0b2f4/granian-1.6.4-cp312-cp312-musllinux_1_1_aarch64.whl", hash = "sha256:07c86aacdb70348f0f05515af147b20edcd37b80bcd4a90102396885a28f37bb", size = 3154111 },
    { url = "https://files.pythonhosted.org/packages/59/3d/ac64c992c0dfcde63f734b46299448a490ce12155386af01c3177ccc12ab/granian-1.6.4-cp312-cp312-musllinux_1_1_x86_64.whl", hash = "sha256:5af44499d3f6207642bf2b53de2776b61a6376baa4ac267e2d9991cf8fd22d77", size = 3249677 },
    { url = "https://files.pythonhosted.org/packages/b5/e5/88d09173cd62d783e4a5772fc66aeb4b5256cf9a375045198524c8a83c51/granian-1.6.4-cp312-none-win_amd64.whl", hash = "sha256:0e5fbe133e6cdf9563f97a5a523a4b800c1989dbed6ea2aa2324d3dec58792d8", size = 2147274 },
    { url = "https://files.pythonhosted.org/packages/22/87/1a3f5cc84b845cb6e24cc7fa497aff32f3d4ef66565ce8d9c9f5ca4a927b/granian-1.6.4-cp313-cp313-macosx_10_12_x86_64.whl", hash = "sha256:4328b771cedb9f6fbc2a6b6f1f30a2bb3783ddcbbae0dd230e5d72991bac5a3c", size = 2557379 },
    { url = "https://files.pythonhosted.org/packages/c7/4b/14be21002201d1668f9d7c222c00b9e6baeb635f989bdde88da3c0f682be/granian-1.6.4-cp313-cp313-macosx_11_0_arm64.whl", hash = "sha256:0578a04fcf0e93b0d5dc937c8f4bd488f559d56679ea383ae1174e4089a84bf2", size = 2393765 },
    { url = "https://files.pythonhosted.org/packages/7b/a5/26b6991e351a4d032a9d50ecfeaaf70868cdaac0ec4525970eda51e7aba2/granian-1.6.4-cp313-cp313-manylinux_2_17_aarch64.manylinux2014_aarch64.whl", hash = "sha256:d8a68dc6fe352835882767d94dd7346108979f790486409224af98018a277543", size = 2983733 },
    { url = "https://files.pythonhosted.org/packages/14/d1/d396a108aec86ff43115a23b5697758a5dfe0aa8c79c1afe44f4f2c6d988/granian-1.6.4-cp313-cp313-manylinux_2_17_x86_64.manylinux2014_x86_64.whl", hash = "sha256:15841729f2d11aacc373bec4f4137a777e98bda84cf2eb0b07aa3da91fd477d9", size = 3418656 },
    { url = "https://files.pythonhosted.org/packages/3f/57/7afdac798dfa0a74ada5805730419a95f7b109b45df08790524749fe01d8/granian-1.6.4-cp313-cp313-musllinux_1_1_aarch64.whl", hash = "sha256:36c911e3c9f22aecbaca16e7091fcf4b8fd3360721eb18e327faf9cfe932fc70", size = 3154122 },
    { url = "https://files.pythonhosted.org/packages/33/3e/ab6729652140676e0ac0a2be22788d554c30da09bb60bf87e2f6a97f66a1/granian-1.6.4-cp313-cp313-musllinux_1_1_x86_64.whl", hash = "sha256:f2759b3c81dddbe6af092091ccdc0dce9e56a3e6953d6a7507cf7272ed1b2a56", size = 3249118 },
    { url = "https://files.pythonhosted.org/packages/92/43/8d5d69e506c9e29131636831a9827de5e27d5c745ee144a3d0b4a22ea12c/granian-1.6.4-cp313-none-win_amd64.whl", hash = "sha256:abc9ccd849bbb7d6243db15779c55eb9a5e7ea8462815e9777cc3afa52720cdf", size = 2147075 },
]

[[package]]
name = "taki-rapidapi"
version = "0.1.0"
source = { virtual = "." }
dependencies = [
    { name = "granian" },
]

[package.metadata]
requires-dist = [{ name = "granian", specifier = ">=1.6.4" }]

[[package]]
name = "uvloop"
version = "0.21.0"
source = { registry = "https://pypi.org/simple" }
sdist = { url = "https://files.pythonhosted.org/packages/af/c0/854216d09d33c543f12a44b393c402e89a920b1a0a7dc634c42de91b9cf6/uvloop-0.21.0.tar.gz", hash = "sha256:3bf12b0fda68447806a7ad847bfa591613177275d35b6724b1ee573faa3704e3", size = 2492741 }
wheels = [
    { url = "https://files.pythonhosted.org/packages/8c/4c/03f93178830dc7ce8b4cdee1d36770d2f5ebb6f3d37d354e061eefc73545/uvloop-0.21.0-cp312-cp312-macosx_10_13_universal2.whl", hash = "sha256:359ec2c888397b9e592a889c4d72ba3d6befba8b2bb01743f72fffbde663b59c", size = 1471284 },
    { url = "https://files.pythonhosted.org/packages/43/3e/92c03f4d05e50f09251bd8b2b2b584a2a7f8fe600008bcc4523337abe676/uvloop-0.21.0-cp312-cp312-macosx_10_13_x86_64.whl", hash = "sha256:f7089d2dc73179ce5ac255bdf37c236a9f914b264825fdaacaded6990a7fb4c2", size = 821349 },
    { url = "https://files.pythonhosted.org/packages/a6/ef/a02ec5da49909dbbfb1fd205a9a1ac4e88ea92dcae885e7c961847cd51e2/uvloop-0.21.0-cp312-cp312-manylinux_2_17_aarch64.manylinux2014_aarch64.whl", hash = "sha256:baa4dcdbd9ae0a372f2167a207cd98c9f9a1ea1188a8a526431eef2f8116cc8d", size = 4580089 },
    { url = "https://files.pythonhosted.org/packages/06/a7/b4e6a19925c900be9f98bec0a75e6e8f79bb53bdeb891916609ab3958967/uvloop-0.21.0-cp312-cp312-manylinux_2_17_x86_64.manylinux2014_x86_64.whl", hash = "sha256:86975dca1c773a2c9864f4c52c5a55631038e387b47eaf56210f873887b6c8dc", size = 4693770 },
    { url = "https://files.pythonhosted.org/packages/ce/0c/f07435a18a4b94ce6bd0677d8319cd3de61f3a9eeb1e5f8ab4e8b5edfcb3/uvloop-0.21.0-cp312-cp312-musllinux_1_2_aarch64.whl", hash = "sha256:461d9ae6660fbbafedd07559c6a2e57cd553b34b0065b6550685f6653a98c1cb", size = 4451321 },
    { url = "https://files.pythonhosted.org/packages/8f/eb/f7032be105877bcf924709c97b1bf3b90255b4ec251f9340cef912559f28/uvloop-0.21.0-cp312-cp312-musllinux_1_2_x86_64.whl", hash = "sha256:183aef7c8730e54c9a3ee3227464daed66e37ba13040bb3f350bc2ddc040f22f", size = 4659022 },
    { url = "https://files.pythonhosted.org/packages/3f/8d/2cbef610ca21539f0f36e2b34da49302029e7c9f09acef0b1c3b5839412b/uvloop-0.21.0-cp313-cp313-macosx_10_13_universal2.whl", hash = "sha256:bfd55dfcc2a512316e65f16e503e9e450cab148ef11df4e4e679b5e8253a5281", size = 1468123 },
    { url = "https://files.pythonhosted.org/packages/93/0d/b0038d5a469f94ed8f2b2fce2434a18396d8fbfb5da85a0a9781ebbdec14/uvloop-0.21.0-cp313-cp313-macosx_10_13_x86_64.whl", hash = "sha256:787ae31ad8a2856fc4e7c095341cccc7209bd657d0e71ad0dc2ea83c4a6fa8af", size = 819325 },
    { url = "https://files.pythonhosted.org/packages/50/94/0a687f39e78c4c1e02e3272c6b2ccdb4e0085fda3b8352fecd0410ccf915/uvloop-0.21.0-cp313-cp313-manylinux_2_17_aarch64.manylinux2014_aarch64.whl", hash = "sha256:5ee4d4ef48036ff6e5cfffb09dd192c7a5027153948d85b8da7ff705065bacc6", size = 4582806 },
    { url = "https://files.pythonhosted.org/packages/d2/19/f5b78616566ea68edd42aacaf645adbf71fbd83fc52281fba555dc27e3f1/uvloop-0.21.0-cp313-cp313-manylinux_2_17_x86_64.manylinux2014_x86_64.whl", hash = "sha256:f3df876acd7ec037a3d005b3ab85a7e4110422e4d9c1571d4fc89b0fc41b6816", size = 4701068 },
    { url = "https://files.pythonhosted.org/packages/47/57/66f061ee118f413cd22a656de622925097170b9380b30091b78ea0c6ea75/uvloop-0.21.0-cp313-cp313-musllinux_1_2_aarch64.whl", hash = "sha256:bd53ecc9a0f3d87ab847503c2e1552b690362e005ab54e8a48ba97da3924c0dc", size = 4454428 },
    { url = "https://files.pythonhosted.org/packages/63/9a/0962b05b308494e3202d3f794a6e85abe471fe3cafdbcf95c2e8c713aabd/uvloop-0.21.0-cp313-cp313-musllinux_1_2_x86_64.whl", hash = "sha256:a5c39f217ab3c663dc699c04cbd50c13813e31d917642d459fdcec07555cc553", size = 4660018 },
]
